
Microsoft Visual Studio Solution File, Format Version 12.00
# Visual Studio 2012
Project("{FAE04EC0-301F-11D3-BF4B-00C04F79EFBC}") = "ICT13580059B", "ICT13580059B\ICT13580059B.csproj", "{409DC184-24E3-4F6C-A22D-45EEAE5AB1C6}"
EndProject
Project("{FAE04EC0-301F-11D3-BF4B-00C04F79EFBC}") = "ICT13580059B.iOS", "iOS\ICT13580059B.iOS.csproj", "{55BFBF6B-71C8-4566-B1C3-EC5B31106B98}"
EndProject
Global
	GlobalSection(SolutionConfigurationPlatforms) = preSolution
		Debug|Any CPU = Debug|Any CPU
		Release|Any CPU = Release|Any CPU
		Debug|iPhoneSimulator = Debug|iPhoneSimulator
		Release|iPhone = Release|iPhone
		Release|iPhoneSimulator = Release|iPhoneSimulator
		Debug|iPhone = Debug|iPhone
	EndGlobalSection
	GlobalSection(ProjectConfigurationPlatforms) = postSolution
		{409DC184-24E3-4F6C-A22D-45EEAE5AB1C6}.Debug|Any CPU.ActiveCfg = Debug|Any CPU
		{409DC184-24E3-4F6C-A22D-45EEAE5AB1C6}.Debug|Any CPU.Build.0 = Debug|Any CPU
		{409DC184-24E3-4F6C-A22D-45EEAE5AB1C6}.Release|Any CPU.ActiveCfg = Release|Any CPU
		{409DC184-24E3-4F6C-A22D-45EEAE5AB1C6}.Release|Any CPU.Build.0 = Release|Any CPU
		{409DC184-24E3-4F6C-A22D-45EEAE5AB1C6}.Debug|iPhoneSimulator.ActiveCfg = Debug|Any CPU
		{409DC184-24E3-4F6C-A22D-45EEAE5AB1C6}.Debug|iPhoneSimulator.Build.0 = Debug|Any CPU
		{409DC184-24E3-4F6C-A22D-45EEAE5AB1C6}.Release|iPhone.ActiveCfg = Release|Any CPU
		{409DC184-24E3-4F6C-A22D-45EEAE5AB1C6}.Release|iPhone.Build.0 = Release|Any CPU
		{409DC184-24E3-4F6C-A22D-45EEAE5AB1C6}.Release|iPhoneSimulator.ActiveCfg = Release|Any CPU
		{409DC184-24E3-4F6C-A22D-45EEAE5AB1C6}.Release|iPhoneSimulator.Build.0 = Release|Any CPU
		{409DC184-24E3-4F6C-A22D-45EEAE5AB1C6}.Debug|iPhone.ActiveCfg = Debug|Any CPU
		{409DC184-24E3-4F6C-A22D-45EEAE5AB1C6}.Debug|iPhone.Build.0 = Debug|Any CPU
		{55BFBF6B-71C8-4566-B1C3-EC5B31106B98}.Debug|Any CPU.ActiveCfg = Debug|iPhoneSimulator
		{55BFBF6B-71C8-4566-B1C3-EC5B31106B98}.Debug|Any CPU.Build.0 = Debug|iPhoneSimulator
		{55BFBF6B-71C8-4566-B1C3-EC5B31106B98}.Release|Any CPU.ActiveCfg = Release|iPhone
		{55BFBF6B-71C8-4566-B1C3-EC5B31106B98}.Release|Any CPU.Build.0 = Release|iPhone
		{55BFBF6B-71C8-4566-B1C3-EC5B31106B98}.Debug|iPhoneSimulator.ActiveCfg = Debug|iPhoneSimulator
		{55BFBF6B-71C8-4566-B1C3-EC5B31106B98}.Debug|iPhoneSimulator.Build.0 = Debug|iPhoneSimulator
		{55BFBF6B-71C8-4566-B1C3-EC5B31106B98}.Release|iPhone.ActiveCfg = Release|iPhone
		{55BFBF6B-71C8-4566-B1C3-EC5B31106B98}.Release|iPhone.Build.0 = Release|iPhone
		{55BFBF6B-71C8-4566-B1C3-EC5B31106B98}.Release|iPhoneSimulator.ActiveCfg = Release|iPhoneSimulator
		{55BFBF6B-71C8-4566-B1C3-EC5B31106B98}.Release|iPhoneSimulator.Build.0 = Release|iPhoneSimulator
		{55BFBF6B-71C8-4566-B1C3-EC5B31106B98}.Debug|iPhone.ActiveCfg = Debug|iPhone
		{55BFBF6B-71C8-4566-B1C3-EC5B31106B98}.Debug|iPhone.Build.0 = Debug|iPhone
	EndGlobalSection
EndGlobal
